// !$*UTF8*$!
{
	archiveVersion = 1;
	classes = {
	};
	objectVersion = 50;
	objects = {

/* Begin PBXBuildFile section */
		8205B88A257D6A2E001ECFC6 /* UIImageViewExtension.swift in Sources */ = {isa = PBXBuildFile; fileRef = 8205B889257D6A2E001ECFC6 /* UIImageViewExtension.swift */; };
		8205B88C257D7291001ECFC6 /* WebVC.swift in Sources */ = {isa = PBXBuildFile; fileRef = 8205B88B257D7291001ECFC6 /* WebVC.swift */; };
		822E04D82546079E00FFE4B0 /* AppDelegate.swift in Sources */ = {isa = PBXBuildFile; fileRef = 822E04D72546079E00FFE4B0 /* AppDelegate.swift */; };
		822E04DA2546079E00FFE4B0 /* SceneDelegate.swift in Sources */ = {isa = PBXBuildFile; fileRef = 822E04D92546079E00FFE4B0 /* SceneDelegate.swift */; };
		822E04DF2546079E00FFE4B0 /* Main.storyboard in Resources */ = {isa = PBXBuildFile; fileRef = 822E04DD2546079E00FFE4B0 /* Main.storyboard */; };
		822E04E22546079E00FFE4B0 /* P2.xcdatamodeld in Sources */ = {isa = PBXBuildFile; fileRef = 822E04E02546079E00FFE4B0 /* P2.xcdatamodeld */; };
		822E04E4254607A000FFE4B0 /* Assets.xcassets in Resources */ = {isa = PBXBuildFile; fileRef = 822E04E3254607A000FFE4B0 /* Assets.xcassets */; };
		822E04E7254607A000FFE4B0 /* LaunchScreen.storyboard in Resources */ = {isa = PBXBuildFile; fileRef = 822E04E5254607A000FFE4B0 /* LaunchScreen.storyboard */; };
		822E04EF254608D900FFE4B0 /* ExposureTVC.swift in Sources */ = {isa = PBXBuildFile; fileRef = 822E04EE254608D900FFE4B0 /* ExposureTVC.swift */; };
		822E04F125460C3300FFE4B0 /* AddVC.swift in Sources */ = {isa = PBXBuildFile; fileRef = 822E04F025460C3300FFE4B0 /* AddVC.swift */; };
		822E04F325461EFA00FFE4B0 /* ChampType.swift in Sources */ = {isa = PBXBuildFile; fileRef = 822E04F225461EFA00FFE4B0 /* ChampType.swift */; };
		822E04F52546269300FFE4B0 /* DiaryCell.swift in Sources */ = {isa = PBXBuildFile; fileRef = 822E04F42546269300FFE4B0 /* DiaryCell.swift */; };
		822E04F925463D9E00FFE4B0 /* StatVC.swift in Sources */ = {isa = PBXBuildFile; fileRef = 822E04F825463D9E00FFE4B0 /* StatVC.swift */; };
		822E04FE25465B2D00FFE4B0 /* Localizable.strings in Resources */ = {isa = PBXBuildFile; fileRef = 822E050025465B2D00FFE4B0 /* Localizable.strings */; };
		824914A0257DBDAE00200DB1 /* WebKit.framework in Frameworks */ = {isa = PBXBuildFile; fileRef = 8249149F257DBDAE00200DB1 /* WebKit.framework */; };
		824914A2257DBF4500200DB1 /* SettingsVC.swift in Sources */ = {isa = PBXBuildFile; fileRef = 824914A1257DBF4500200DB1 /* SettingsVC.swift */; };
/* End PBXBuildFile section */

/* Begin PBXFileReference section */
		8205B889257D6A2E001ECFC6 /* UIImageViewExtension.swift */ = {isa = PBXFileReference; lastKnownFileType = sourcecode.swift; path = UIImageViewExtension.swift; sourceTree = "<group>"; };
		8205B88B257D7291001ECFC6 /* WebVC.swift */ = {isa = PBXFileReference; lastKnownFileType = sourcecode.swift; path = WebVC.swift; sourceTree = "<group>"; };
		822E04D42546079E00FFE4B0 /* P2.app */ = {isa = PBXFileReference; explicitFileType = wrapper.application; includeInIndex = 0; path = P2.app; sourceTree = BUILT_PRODUCTS_DIR; };
		822E04D72546079E00FFE4B0 /* AppDelegate.swift */ = {isa = PBXFileReference; lastKnownFileType = sourcecode.swift; path = AppDelegate.swift; sourceTree = "<group>"; };
		822E04D92546079E00FFE4B0 /* SceneDelegate.swift */ = {isa = PBXFileReference; lastKnownFileType = sourcecode.swift; path = SceneDelegate.swift; sourceTree = "<group>"; };
		822E04DE2546079E00FFE4B0 /* Base */ = {isa = PBXFileReference; lastKnownFileType = file.storyboard; name = Base; path = Base.lproj/Main.storyboard; sourceTree = "<group>"; };
		822E04E12546079E00FFE4B0 /* P2.xcdatamodel */ = {isa = PBXFileReference; lastKnownFileType = wrapper.xcdatamodel; path = P2.xcdatamodel; sourceTree = "<group>"; };
		822E04E3254607A000FFE4B0 /* Assets.xcassets */ = {isa = PBXFileReference; lastKnownFileType = folder.assetcatalog; path = Assets.xcassets; sourceTree = "<group>"; };
		822E04E6254607A000FFE4B0 /* Base */ = {isa = PBXFileReference; lastKnownFileType = file.storyboard; name = Base; path = Base.lproj/LaunchScreen.storyboard; sourceTree = "<group>"; };
		822E04E8254607A000FFE4B0 /* Info.plist */ = {isa = PBXFileReference; lastKnownFileType = text.plist.xml; path = Info.plist; sourceTree = "<group>"; };
		822E04EE254608D900FFE4B0 /* ExposureTVC.swift */ = {isa = PBXFileReference; lastKnownFileType = sourcecode.swift; path = ExposureTVC.swift; sourceTree = "<group>"; };
		822E04F025460C3300FFE4B0 /* AddVC.swift */ = {isa = PBXFileReference; lastKnownFileType = sourcecode.swift; path = AddVC.swift; sourceTree = "<group>"; };
		822E04F225461EFA00FFE4B0 /* ChampType.swift */ = {isa = PBXFileReference; lastKnownFileType = sourcecode.swift; path = ChampType.swift; sourceTree = "<group>"; };
		822E04F42546269300FFE4B0 /* DiaryCell.swift */ = {isa = PBXFileReference; lastKnownFileType = sourcecode.swift; path = DiaryCell.swift; sourceTree = "<group>"; };
		822E04F625462D0C00FFE4B0 /* Diary 2.xcdatamodel */ = {isa = PBXFileReference; lastKnownFileType = wrapper.xcdatamodel; path = "Diary 2.xcdatamodel"; sourceTree = "<group>"; };
		822E04F72546371E00FFE4B0 /* Diary 3.xcdatamodel */ = {isa = PBXFileReference; lastKnownFileType = wrapper.xcdatamodel; path = "Diary 3.xcdatamodel"; sourceTree = "<group>"; };
		822E04F825463D9E00FFE4B0 /* StatVC.swift */ = {isa = PBXFileReference; lastKnownFileType = sourcecode.swift; path = StatVC.swift; sourceTree = "<group>"; };
		822E04FC25465B0D00FFE4B0 /* de */ = {isa = PBXFileReference; lastKnownFileType = text.plist.strings; name = de; path = de.lproj/Main.strings; sourceTree = "<group>"; };
		822E04FD25465B0D00FFE4B0 /* de */ = {isa = PBXFileReference; lastKnownFileType = text.plist.strings; name = de; path = de.lproj/LaunchScreen.strings; sourceTree = "<group>"; };
		822E04FF25465B2D00FFE4B0 /* en */ = {isa = PBXFileReference; lastKnownFileType = text.plist.strings; name = en; path = en.lproj/Localizable.strings; sourceTree = "<group>"; };
		822E050125465B3200FFE4B0 /* de */ = {isa = PBXFileReference; lastKnownFileType = text.plist.strings; name = de; path = de.lproj/Localizable.strings; sourceTree = "<group>"; };
		8249149F257DBDAE00200DB1 /* WebKit.framework */ = {isa = PBXFileReference; lastKnownFileType = wrapper.framework; name = WebKit.framework; path = System/Library/Frameworks/WebKit.framework; sourceTree = SDKROOT; };
		824914A1257DBF4500200DB1 /* SettingsVC.swift */ = {isa = PBXFileReference; lastKnownFileType = sourcecode.swift; path = SettingsVC.swift; sourceTree = "<group>"; };
/* End PBXFileReference section */

/* Begin PBXFrameworksBuildPhase section */
		822E04D12546079E00FFE4B0 /* Frameworks */ = {
			isa = PBXFrameworksBuildPhase;
			buildActionMask = 2147483647;
			files = (
				824914A0257DBDAE00200DB1 /* WebKit.framework in Frameworks */,
			);
			runOnlyForDeploymentPostprocessing = 0;
		};
/* End PBXFrameworksBuildPhase section */

/* Begin PBXGroup section */
		822E04CB2546079E00FFE4B0 = {
			isa = PBXGroup;
			children = (
				822E04D62546079E00FFE4B0 /* P2 */,
				822E04D52546079E00FFE4B0 /* Products */,
				8249149E257DBDAE00200DB1 /* Frameworks */,
			);
			sourceTree = "<group>";
		};
		822E04D52546079E00FFE4B0 /* Products */ = {
			isa = PBXGroup;
			children = (
				822E04D42546079E00FFE4B0 /* P2.app */,
			);
			name = Products;
			sourceTree = "<group>";
		};
		822E04D62546079E00FFE4B0 /* P2 */ = {
			isa = PBXGroup;
			children = (
				824914A1257DBF4500200DB1 /* SettingsVC.swift */,
				822E04D72546079E00FFE4B0 /* AppDelegate.swift */,
				822E04D92546079E00FFE4B0 /* SceneDelegate.swift */,
				822E04F225461EFA00FFE4B0 /* ChampType.swift */,
				822E04F825463D9E00FFE4B0 /* StatVC.swift */,
				822E04F025460C3300FFE4B0 /* AddVC.swift */,
				822E04EE254608D900FFE4B0 /* ExposureTVC.swift */,
				822E04DD2546079E00FFE4B0 /* Main.storyboard */,
				822E04E3254607A000FFE4B0 /* Assets.xcassets */,
				822E04E5254607A000FFE4B0 /* LaunchScreen.storyboard */,
				822E04E8254607A000FFE4B0 /* Info.plist */,
				822E04E02546079E00FFE4B0 /* P2.xcdatamodeld */,
				822E04F42546269300FFE4B0 /* DiaryCell.swift */,
				822E050025465B2D00FFE4B0 /* Localizable.strings */,
				8205B889257D6A2E001ECFC6 /* UIImageViewExtension.swift */,
				8205B88B257D7291001ECFC6 /* WebVC.swift */,
			);
			path = P2;
			sourceTree = "<group>";
		};
		8249149E257DBDAE00200DB1 /* Frameworks */ = {
			isa = PBXGroup;
			children = (
				8249149F257DBDAE00200DB1 /* WebKit.framework */,
			);
			name = Frameworks;
			sourceTree = "<group>";
		};
/* End PBXGroup section */

/* Begin PBXNativeTarget section */
		822E04D32546079E00FFE4B0 /* P2 */ = {
			isa = PBXNativeTarget;
			buildConfigurationList = 822E04EB254607A000FFE4B0 /* Build configuration list for PBXNativeTarget "P2" */;
			buildPhases = (
				822E04D02546079E00FFE4B0 /* Sources */,
				822E04D12546079E00FFE4B0 /* Frameworks */,
				822E04D22546079E00FFE4B0 /* Resources */,
			);
			buildRules = (
			);
			dependencies = (
			);
			name = P2;
			productName = P2;
			productReference = 822E04D42546079E00FFE4B0 /* P2.app */;
			productType = "com.apple.product-type.application";
		};
/* End PBXNativeTarget section */

/* Begin PBXProject section */
		822E04CC2546079E00FFE4B0 /* Project object */ = {
			isa = PBXProject;
			attributes = {
				LastSwiftUpdateCheck = 1170;
				LastUpgradeCheck = 1170;
				ORGANIZATIONNAME = "Grant Yap";
				TargetAttributes = {
					822E04D32546079E00FFE4B0 = {
						CreatedOnToolsVersion = 11.7;
					};
				};
			};
			buildConfigurationList = 822E04CF2546079E00FFE4B0 /* Build configuration list for PBXProject "P2" */;
			compatibilityVersion = "Xcode 9.3";
			developmentRegion = en;
			hasScannedForEncodings = 0;
			knownRegions = (
				en,
				Base,
				de,
			);
			mainGroup = 822E04CB2546079E00FFE4B0;
			productRefGroup = 822E04D52546079E00FFE4B0 /* Products */;
			projectDirPath = "";
			projectRoot = "";
			targets = (
				822E04D32546079E00FFE4B0 /* P2 */,
			);
		};
/* End PBXProject section */

/* Begin PBXResourcesBuildPhase section */
		822E04D22546079E00FFE4B0 /* Resources */ = {
			isa = PBXResourcesBuildPhase;
			buildActionMask = 2147483647;
			files = (
				822E04E7254607A000FFE4B0 /* LaunchScreen.storyboard in Resources */,
				822E04FE25465B2D00FFE4B0 /* Localizable.strings in Resources */,
				822E04E4254607A000FFE4B0 /* Assets.xcassets in Resources */,
				822E04DF2546079E00FFE4B0 /* Main.storyboard in Resources */,
			);
			runOnlyForDeploymentPostprocessing = 0;
		};
/* End PBXResourcesBuildPhase section */

/* Begin PBXSourcesBuildPhase section */
		822E04D02546079E00FFE4B0 /* Sources */ = {
			isa = PBXSourcesBuildPhase;
			buildActionMask = 2147483647;
			files = (
				824914A2257DBF4500200DB1 /* SettingsVC.swift in Sources */,
				822E04F325461EFA00FFE4B0 /* ChampType.swift in Sources */,
				822E04F52546269300FFE4B0 /* DiaryCell.swift in Sources */,
				822E04E22546079E00FFE4B0 /* P2.xcdatamodeld in Sources */,
				822E04EF254608D900FFE4B0 /* ExposureTVC.swift in Sources */,
				822E04F925463D9E00FFE4B0 /* StatVC.swift in Sources */,
				8205B88A257D6A2E001ECFC6 /* UIImageViewExtension.swift in Sources */,
				822E04D82546079E00FFE4B0 /* AppDelegate.swift in Sources */,
				8205B88C257D7291001ECFC6 /* WebVC.swift in Sources */,
				822E04DA2546079E00FFE4B0 /* SceneDelegate.swift in Sources */,
				822E04F125460C3300FFE4B0 /* AddVC.swift in Sources */,
			);
			runOnlyForDeploymentPostprocessing = 0;
		};
/* End PBXSourcesBuildPhase section */

/* Begin PBXVariantGroup section */
		822E04DD2546079E00FFE4B0 /* Main.storyboard */ = {
			isa = PBXVariantGroup;
			children = (
				822E04DE2546079E00FFE4B0 /* Base */,
				822E04FC25465B0D00FFE4B0 /* de */,
			);
			name = Main.storyboard;
			sourceTree = "<group>";
		};
		822E04E5254607A000FFE4B0 /* LaunchScreen.storyboard */ = {
			isa = PBXVariantGroup;
			children = (
				822E04E6254607A000FFE4B0 /* Base */,
				822E04FD25465B0D00FFE4B0 /* de */,
			);
			name = LaunchScreen.storyboard;
			sourceTree = "<group>";
		};
		822E050025465B2D00FFE4B0 /* Localizable.strings */ = {
			isa = PBXVariantGroup;
			children = (
				822E04FF25465B2D00FFE4B0 /* en */,
				822E050125465B3200FFE4B0 /* de */,
			);
			name = Localizable.strings;
			sourceTree = "<group>";
		};
/* End PBXVariantGroup section */

/* Begin XCBuildConfiguration section */
		822E04E9254607A000FFE4B0 /* Debug */ = {
			isa = XCBuildConfiguration;
			buildSettings = {
				ALWAYS_SEARCH_USER_PATHS = NO;
				CLANG_ANALYZER_LOCALIZABILITY_NONLOCALIZED = YES;
				CLANG_ANALYZER_NONNULL = YES;
				CLANG_ANALYZER_NUMBER_OBJECT_CONVERSION = YES_AGGRESSIVE;
				CLANG_CXX_LANGUAGE_STANDARD = "gnu++14";
				CLANG_CXX_LIBRARY = "libc++";
				CLANG_ENABLE_MODULES = YES;
				CLANG_ENABLE_OBJC_ARC = YES;
				CLANG_ENABLE_OBJC_WEAK = YES;
				CLANG_WARN_BLOCK_CAPTURE_AUTORELEASING = YES;
				CLANG_WARN_BOOL_CONVERSION = YES;
				CLANG_WARN_COMMA = YES;
				CLANG_WARN_CONSTANT_CONVERSION = YES;
				CLANG_WARN_DEPRECATED_OBJC_IMPLEMENTATIONS = YES;
				CLANG_WARN_DIRECT_OBJC_ISA_USAGE = YES_ERROR;
				CLANG_WARN_DOCUMENTATION_COMMENTS = YES;
				CLANG_WARN_EMPTY_BODY = YES;
				CLANG_WARN_ENUM_CONVERSION = YES;
				CLANG_WARN_INFINITE_RECURSION = YES;
				CLANG_WARN_INT_CONVERSION = YES;
				CLANG_WARN_NON_LITERAL_NULL_CONVERSION = YES;
				CLANG_WARN_OBJC_IMPLICIT_RETAIN_SELF = YES;
				CLANG_WARN_OBJC_LITERAL_CONVERSION = YES;
				CLANG_WARN_OBJC_ROOT_CLASS = YES_ERROR;
				CLANG_WARN_RANGE_LOOP_ANALYSIS = YES;
				CLANG_WARN_STRICT_PROTOTYPES = YES;
				CLANG_WARN_SUSPICIOUS_MOVE = YES;
				CLANG_WARN_UNGUARDED_AVAILABILITY = YES_AGGRESSIVE;
				CLANG_WARN_UNREACHABLE_CODE = YES;
				CLANG_WARN__DUPLICATE_METHOD_MATCH = YES;
				COPY_PHASE_STRIP = NO;
				DEBUG_INFORMATION_FORMAT = dwarf;
				ENABLE_STRICT_OBJC_MSGSEND = YES;
				ENABLE_TESTABILITY = YES;
				GCC_C_LANGUAGE_STANDARD = gnu11;
				GCC_DYNAMIC_NO_PIC = NO;
				GCC_NO_COMMON_BLOCKS = YES;
				GCC_OPTIMIZATION_LEVEL = 0;
				GCC_PREPROCESSOR_DEFINITIONS = (
					"DEBUG=1",
					"$(inherited)",
				);
				GCC_WARN_64_TO_32_BIT_CONVERSION = YES;
				GCC_WARN_ABOUT_RETURN_TYPE = YES_ERROR;
				GCC_WARN_UNDECLARED_SELECTOR = YES;
				GCC_WARN_UNINITIALIZED_AUTOS = YES_AGGRESSIVE;
				GCC_WARN_UNUSED_FUNCTION = YES;
				GCC_WARN_UNUSED_VARIABLE = YES;
				IPHONEOS_DEPLOYMENT_TARGET = 13.7;
				MTL_ENABLE_DEBUG_INFO = INCLUDE_SOURCE;
				MTL_FAST_MATH = YES;
				ONLY_ACTIVE_ARCH = YES;
				SDKROOT = iphoneos;
				SWIFT_ACTIVE_COMPILATION_CONDITIONS = DEBUG;
				SWIFT_OPTIMIZATION_LEVEL = "-Onone";
			};
			name = Debug;
		};
		822E04EA254607A000FFE4B0 /* Release */ = {
			isa = XCBuildConfiguration;
			buildSettings = {
				ALWAYS_SEARCH_USER_PATHS = NO;
				CLANG_ANALYZER_LOCALIZABILITY_NONLOCALIZED = YES;
				CLANG_ANALYZER_NONNULL = YES;
				CLANG_ANALYZER_NUMBER_OBJECT_CONVERSION = YES_AGGRESSIVE;
				CLANG_CXX_LANGUAGE_STANDARD = "gnu++14";
				CLANG_CXX_LIBRARY = "libc++";
				CLANG_ENABLE_MODULES = YES;
				CLANG_ENABLE_OBJC_ARC = YES;
				CLANG_ENABLE_OBJC_WEAK = YES;
				CLANG_WARN_BLOCK_CAPTURE_AUTORELEASING = YES;
				CLANG_WARN_BOOL_CONVERSION = YES;
				CLANG_WARN_COMMA = YES;
				CLANG_WARN_CONSTANT_CONVERSION = YES;
				CLANG_WARN_DEPRECATED_OBJC_IMPLEMENTATIONS = YES;
				CLANG_WARN_DIRECT_OBJC_ISA_USAGE = YES_ERROR;
				CLANG_WARN_DOCUMENTATION_COMMENTS = YES;
				CLANG_WARN_EMPTY_BODY = YES;
				CLANG_WARN_ENUM_CONVERSION = YES;
				CLANG_WARN_INFINITE_RECURSION = YES;
				CLANG_WARN_INT_CONVERSION = YES;
				CLANG_WARN_NON_LITERAL_NULL_CONVERSION = YES;
				CLANG_WARN_OBJC_IMPLICIT_RETAIN_SELF = YES;
				CLANG_WARN_OBJC_LITERAL_CONVERSION = YES;
				CLANG_WARN_OBJC_ROOT_CLASS = YES_ERROR;
				CLANG_WARN_RANGE_LOOP_ANALYSIS = YES;
				CLANG_WARN_STRICT_PROTOTYPES = YES;
				CLANG_WARN_SUSPICIOUS_MOVE = YES;
				CLANG_WARN_UNGUARDED_AVAILABILITY = YES_AGGRESSIVE;
				CLANG_WARN_UNREACHABLE_CODE = YES;
				CLANG_WARN__DUPLICATE_METHOD_MATCH = YES;
				COPY_PHASE_STRIP = NO;
				DEBUG_INFORMATION_FORMAT = "dwarf-with-dsym";
				ENABLE_NS_ASSERTIONS = NO;
				ENABLE_STRICT_OBJC_MSGSEND = YES;
				GCC_C_LANGUAGE_STANDARD = gnu11;
				GCC_NO_COMMON_BLOCKS = YES;
				GCC_WARN_64_TO_32_BIT_CONVERSION = YES;
				GCC_WARN_ABOUT_RETURN_TYPE = YES_ERROR;
				GCC_WARN_UNDECLARED_SELECTOR = YES;
				GCC_WARN_UNINITIALIZED_AUTOS = YES_AGGRESSIVE;
				GCC_WARN_UNUSED_FUNCTION = YES;
				GCC_WARN_UNUSED_VARIABLE = YES;
				IPHONEOS_DEPLOYMENT_TARGET = 13.7;
				MTL_ENABLE_DEBUG_INFO = NO;
				MTL_FAST_MATH = YES;
				SDKROOT = iphoneos;
				SWIFT_COMPILATION_MODE = wholemodule;
				SWIFT_OPTIMIZATION_LEVEL = "-O";
				VALIDATE_PRODUCT = YES;
			};
			name = Release;
		};
		822E04EC254607A000FFE4B0 /* Debug */ = {
			isa = XCBuildConfiguration;
			buildSettings = {
				ASSETCATALOG_COMPILER_APPICON_NAME = AppIcon;
				CODE_SIGN_STYLE = Automatic;
				INFOPLIST_FILE = P2/Info.plist;
				LD_RUNPATH_SEARCH_PATHS = (
					"$(inherited)",
					"@executable_path/Frameworks",
				);
				PRODUCT_BUNDLE_IDENTIFIER = com.gyap.P2;
				PRODUCT_NAME = "$(TARGET_NAME)";
				SWIFT_VERSION = 5.0;
				TARGETED_DEVICE_FAMILY = "1,2";
			};
			name = Debug;
		};
		822E04ED254607A000FFE4B0 /* Release */ = {
			isa = XCBuildConfiguration;
			buildSettings = {
				ASSETCATALOG_COMPILER_APPICON_NAME = AppIcon;
				CODE_SIGN_STYLE = Automatic;
				INFOPLIST_FILE = P2/Info.plist;
				LD_RUNPATH_SEARCH_PATHS = (
					"$(inherited)",
					"@executable_path/Frameworks",
				);
				PRODUCT_BUNDLE_IDENTIFIER = com.gyap.P2;
				PRODUCT_NAME = "$(TARGET_NAME)";
				SWIFT_VERSION = 5.0;
				TARGETED_DEVICE_FAMILY = "1,2";
			};
			name = Release;
		};
/* End XCBuildConfiguration section */

/* Begin XCConfigurationList section */
		822E04CF2546079E00FFE4B0 /* Build configuration list for PBXProject "P2" */ = {
			isa = XCConfigurationList;
			buildConfigurations = (
				822E04E9254607A000FFE4B0 /* Debug */,
				822E04EA254607A000FFE4B0 /* Release */,
			);
			defaultConfigurationIsVisible = 0;
			defaultConfigurationName = Release;
		};
		822E04EB254607A000FFE4B0 /* Build configuration list for PBXNativeTarget "P2" */ = {
			isa = XCConfigurationList;
			buildConfigurations = (
				822E04EC254607A000FFE4B0 /* Debug */,
				822E04ED254607A000FFE4B0 /* Release */,
			);
			defaultConfigurationIsVisible = 0;
			defaultConfigurationName = Release;
		};
/* End XCConfigurationList section */

/* Begin XCVersionGroup section */
		822E04E02546079E00FFE4B0 /* P2.xcdatamodeld */ = {
			isa = XCVersionGroup;
			children = (
				822E04F72546371E00FFE4B0 /* Diary 3.xcdatamodel */,
				822E04F625462D0C00FFE4B0 /* Diary 2.xcdatamodel */,
				822E04E12546079E00FFE4B0 /* P2.xcdatamodel */,
			);
			currentVersion = 822E04F72546371E00FFE4B0 /* Diary 3.xcdatamodel */;
			path = P2.xcdatamodeld;
			sourceTree = "<group>";
			versionGroupType = wrapper.xcdatamodel;
		};
/* End XCVersionGroup section */
	};
	rootObject = 822E04CC2546079E00FFE4B0 /* Project object */;
}
