// !$*UTF8*$!
{
	archiveVersion = 1;
	classes = {
	};
	objectVersion = 50;
	objects = {

/* Begin PBXBuildFile section */
		82BCFC0A256B1AC200490EA4 /* AppDelegate.swift in Sources */ = {isa = PBXBuildFile; fileRef = 82BCFC09256B1AC200490EA4 /* AppDelegate.swift */; };
		82BCFC0C256B1AC200490EA4 /* SceneDelegate.swift in Sources */ = {isa = PBXBuildFile; fileRef = 82BCFC0B256B1AC200490EA4 /* SceneDelegate.swift */; };
		82BCFC11256B1AC200490EA4 /* Main.storyboard in Resources */ = {isa = PBXBuildFile; fileRef = 82BCFC0F256B1AC200490EA4 /* Main.storyboard */; };
		82BCFC14256B1AC200490EA4 /* EuroToday.xcdatamodeld in Sources */ = {isa = PBXBuildFile; fileRef = 82BCFC12256B1AC200490EA4 /* EuroToday.xcdatamodeld */; };
		82BCFC16256B1AC300490EA4 /* Assets.xcassets in Resources */ = {isa = PBXBuildFile; fileRef = 82BCFC15256B1AC300490EA4 /* Assets.xcassets */; };
		82BCFC19256B1AC300490EA4 /* LaunchScreen.storyboard in Resources */ = {isa = PBXBuildFile; fileRef = 82BCFC17256B1AC300490EA4 /* LaunchScreen.storyboard */; };
		82BCFC23256B1B5200490EA4 /* TableViewController.swift in Sources */ = {isa = PBXBuildFile; fileRef = 82BCFC22256B1B5200490EA4 /* TableViewController.swift */; };
		82BCFC25256B1CDD00490EA4 /* ExchangeInfo.swift in Sources */ = {isa = PBXBuildFile; fileRef = 82BCFC24256B1CDD00490EA4 /* ExchangeInfo.swift */; };
		82BCFC27256B1D8B00490EA4 /* ExchangeHelper.swift in Sources */ = {isa = PBXBuildFile; fileRef = 82BCFC26256B1D8B00490EA4 /* ExchangeHelper.swift */; };
		82BCFC2B256B468200490EA4 /* TableViewCell.swift in Sources */ = {isa = PBXBuildFile; fileRef = 82BCFC2A256B468200490EA4 /* TableViewCell.swift */; };
		82BCFC2D256B4F5800490EA4 /* Utils.swift in Sources */ = {isa = PBXBuildFile; fileRef = 82BCFC2C256B4F5800490EA4 /* Utils.swift */; };
		82BCFC32256B590D00490EA4 /* Localizable.strings in Resources */ = {isa = PBXBuildFile; fileRef = 82BCFC34256B590D00490EA4 /* Localizable.strings */; };
/* End PBXBuildFile section */

/* Begin PBXFileReference section */
		82BCFC06256B1AC200490EA4 /* EuroToday.app */ = {isa = PBXFileReference; explicitFileType = wrapper.application; includeInIndex = 0; path = EuroToday.app; sourceTree = BUILT_PRODUCTS_DIR; };
		82BCFC09256B1AC200490EA4 /* AppDelegate.swift */ = {isa = PBXFileReference; lastKnownFileType = sourcecode.swift; path = AppDelegate.swift; sourceTree = "<group>"; };
		82BCFC0B256B1AC200490EA4 /* SceneDelegate.swift */ = {isa = PBXFileReference; lastKnownFileType = sourcecode.swift; path = SceneDelegate.swift; sourceTree = "<group>"; };
		82BCFC10256B1AC200490EA4 /* Base */ = {isa = PBXFileReference; lastKnownFileType = file.storyboard; name = Base; path = Base.lproj/Main.storyboard; sourceTree = "<group>"; };
		82BCFC13256B1AC200490EA4 /* EuroToday.xcdatamodel */ = {isa = PBXFileReference; lastKnownFileType = wrapper.xcdatamodel; path = EuroToday.xcdatamodel; sourceTree = "<group>"; };
		82BCFC15256B1AC300490EA4 /* Assets.xcassets */ = {isa = PBXFileReference; lastKnownFileType = folder.assetcatalog; path = Assets.xcassets; sourceTree = "<group>"; };
		82BCFC18256B1AC300490EA4 /* Base */ = {isa = PBXFileReference; lastKnownFileType = file.storyboard; name = Base; path = Base.lproj/LaunchScreen.storyboard; sourceTree = "<group>"; };
		82BCFC1A256B1AC300490EA4 /* Info.plist */ = {isa = PBXFileReference; lastKnownFileType = text.plist.xml; path = Info.plist; sourceTree = "<group>"; };
		82BCFC22256B1B5200490EA4 /* TableViewController.swift */ = {isa = PBXFileReference; lastKnownFileType = sourcecode.swift; path = TableViewController.swift; sourceTree = "<group>"; };
		82BCFC24256B1CDD00490EA4 /* ExchangeInfo.swift */ = {isa = PBXFileReference; lastKnownFileType = sourcecode.swift; path = ExchangeInfo.swift; sourceTree = "<group>"; };
		82BCFC26256B1D8B00490EA4 /* ExchangeHelper.swift */ = {isa = PBXFileReference; lastKnownFileType = sourcecode.swift; path = ExchangeHelper.swift; sourceTree = "<group>"; };
		82BCFC2A256B468200490EA4 /* TableViewCell.swift */ = {isa = PBXFileReference; lastKnownFileType = sourcecode.swift; path = TableViewCell.swift; sourceTree = "<group>"; };
		82BCFC2C256B4F5800490EA4 /* Utils.swift */ = {isa = PBXFileReference; lastKnownFileType = sourcecode.swift; path = Utils.swift; sourceTree = "<group>"; };
		82BCFC30256B58D700490EA4 /* ar */ = {isa = PBXFileReference; lastKnownFileType = text.plist.strings; name = ar; path = ar.lproj/Main.strings; sourceTree = "<group>"; };
		82BCFC31256B58D700490EA4 /* ar */ = {isa = PBXFileReference; lastKnownFileType = text.plist.strings; name = ar; path = ar.lproj/LaunchScreen.strings; sourceTree = "<group>"; };
		82BCFC33256B590D00490EA4 /* en */ = {isa = PBXFileReference; lastKnownFileType = text.plist.strings; name = en; path = en.lproj/Localizable.strings; sourceTree = "<group>"; };
		82BCFC35256B591100490EA4 /* ar */ = {isa = PBXFileReference; lastKnownFileType = text.plist.strings; name = ar; path = ar.lproj/Localizable.strings; sourceTree = "<group>"; };
/* End PBXFileReference section */

/* Begin PBXFrameworksBuildPhase section */
		82BCFC03256B1AC200490EA4 /* Frameworks */ = {
			isa = PBXFrameworksBuildPhase;
			buildActionMask = 2147483647;
			files = (
			);
			runOnlyForDeploymentPostprocessing = 0;
		};
/* End PBXFrameworksBuildPhase section */

/* Begin PBXGroup section */
		82BCFBFD256B1AC200490EA4 = {
			isa = PBXGroup;
			children = (
				82BCFC08256B1AC200490EA4 /* EuroToday */,
				82BCFC07256B1AC200490EA4 /* Products */,
			);
			sourceTree = "<group>";
		};
		82BCFC07256B1AC200490EA4 /* Products */ = {
			isa = PBXGroup;
			children = (
				82BCFC06256B1AC200490EA4 /* EuroToday.app */,
			);
			name = Products;
			sourceTree = "<group>";
		};
		82BCFC08256B1AC200490EA4 /* EuroToday */ = {
			isa = PBXGroup;
			children = (
				82BCFC09256B1AC200490EA4 /* AppDelegate.swift */,
				82BCFC0B256B1AC200490EA4 /* SceneDelegate.swift */,
				82BCFC22256B1B5200490EA4 /* TableViewController.swift */,
				82BCFC0F256B1AC200490EA4 /* Main.storyboard */,
				82BCFC15256B1AC300490EA4 /* Assets.xcassets */,
				82BCFC17256B1AC300490EA4 /* LaunchScreen.storyboard */,
				82BCFC1A256B1AC300490EA4 /* Info.plist */,
				82BCFC12256B1AC200490EA4 /* EuroToday.xcdatamodeld */,
				82BCFC24256B1CDD00490EA4 /* ExchangeInfo.swift */,
				82BCFC26256B1D8B00490EA4 /* ExchangeHelper.swift */,
				82BCFC2A256B468200490EA4 /* TableViewCell.swift */,
				82BCFC2C256B4F5800490EA4 /* Utils.swift */,
				82BCFC34256B590D00490EA4 /* Localizable.strings */,
			);
			path = EuroToday;
			sourceTree = "<group>";
		};
/* End PBXGroup section */

/* Begin PBXNativeTarget section */
		82BCFC05256B1AC200490EA4 /* EuroToday */ = {
			isa = PBXNativeTarget;
			buildConfigurationList = 82BCFC1D256B1AC300490EA4 /* Build configuration list for PBXNativeTarget "EuroToday" */;
			buildPhases = (
				82BCFC02256B1AC200490EA4 /* Sources */,
				82BCFC03256B1AC200490EA4 /* Frameworks */,
				82BCFC04256B1AC200490EA4 /* Resources */,
			);
			buildRules = (
			);
			dependencies = (
			);
			name = EuroToday;
			productName = EuroToday;
			productReference = 82BCFC06256B1AC200490EA4 /* EuroToday.app */;
			productType = "com.apple.product-type.application";
		};
/* End PBXNativeTarget section */

/* Begin PBXProject section */
		82BCFBFE256B1AC200490EA4 /* Project object */ = {
			isa = PBXProject;
			attributes = {
				LastSwiftUpdateCheck = 1170;
				LastUpgradeCheck = 1170;
				ORGANIZATIONNAME = "Grant Yap";
				TargetAttributes = {
					82BCFC05256B1AC200490EA4 = {
						CreatedOnToolsVersion = 11.7;
					};
				};
			};
			buildConfigurationList = 82BCFC01256B1AC200490EA4 /* Build configuration list for PBXProject "EuroToday" */;
			compatibilityVersion = "Xcode 9.3";
			developmentRegion = en;
			hasScannedForEncodings = 0;
			knownRegions = (
				en,
				Base,
				ar,
			);
			mainGroup = 82BCFBFD256B1AC200490EA4;
			productRefGroup = 82BCFC07256B1AC200490EA4 /* Products */;
			projectDirPath = "";
			projectRoot = "";
			targets = (
				82BCFC05256B1AC200490EA4 /* EuroToday */,
			);
		};
/* End PBXProject section */

/* Begin PBXResourcesBuildPhase section */
		82BCFC04256B1AC200490EA4 /* Resources */ = {
			isa = PBXResourcesBuildPhase;
			buildActionMask = 2147483647;
			files = (
				82BCFC19256B1AC300490EA4 /* LaunchScreen.storyboard in Resources */,
				82BCFC32256B590D00490EA4 /* Localizable.strings in Resources */,
				82BCFC16256B1AC300490EA4 /* Assets.xcassets in Resources */,
				82BCFC11256B1AC200490EA4 /* Main.storyboard in Resources */,
			);
			runOnlyForDeploymentPostprocessing = 0;
		};
/* End PBXResourcesBuildPhase section */

/* Begin PBXSourcesBuildPhase section */
		82BCFC02256B1AC200490EA4 /* Sources */ = {
			isa = PBXSourcesBuildPhase;
			buildActionMask = 2147483647;
			files = (
				82BCFC0A256B1AC200490EA4 /* AppDelegate.swift in Sources */,
				82BCFC14256B1AC200490EA4 /* EuroToday.xcdatamodeld in Sources */,
				82BCFC27256B1D8B00490EA4 /* ExchangeHelper.swift in Sources */,
				82BCFC23256B1B5200490EA4 /* TableViewController.swift in Sources */,
				82BCFC0C256B1AC200490EA4 /* SceneDelegate.swift in Sources */,
				82BCFC2B256B468200490EA4 /* TableViewCell.swift in Sources */,
				82BCFC25256B1CDD00490EA4 /* ExchangeInfo.swift in Sources */,
				82BCFC2D256B4F5800490EA4 /* Utils.swift in Sources */,
			);
			runOnlyForDeploymentPostprocessing = 0;
		};
/* End PBXSourcesBuildPhase section */

/* Begin PBXVariantGroup section */
		82BCFC0F256B1AC200490EA4 /* Main.storyboard */ = {
			isa = PBXVariantGroup;
			children = (
				82BCFC10256B1AC200490EA4 /* Base */,
				82BCFC30256B58D700490EA4 /* ar */,
			);
			name = Main.storyboard;
			sourceTree = "<group>";
		};
		82BCFC17256B1AC300490EA4 /* LaunchScreen.storyboard */ = {
			isa = PBXVariantGroup;
			children = (
				82BCFC18256B1AC300490EA4 /* Base */,
				82BCFC31256B58D700490EA4 /* ar */,
			);
			name = LaunchScreen.storyboard;
			sourceTree = "<group>";
		};
		82BCFC34256B590D00490EA4 /* Localizable.strings */ = {
			isa = PBXVariantGroup;
			children = (
				82BCFC33256B590D00490EA4 /* en */,
				82BCFC35256B591100490EA4 /* ar */,
			);
			name = Localizable.strings;
			sourceTree = "<group>";
		};
/* End PBXVariantGroup section */

/* Begin XCBuildConfiguration section */
		82BCFC1B256B1AC300490EA4 /* Debug */ = {
			isa = XCBuildConfiguration;
			buildSettings = {
				ALWAYS_SEARCH_USER_PATHS = NO;
				CLANG_ANALYZER_LOCALIZABILITY_NONLOCALIZED = YES;
				CLANG_ANALYZER_NONNULL = YES;
				CLANG_ANALYZER_NUMBER_OBJECT_CONVERSION = YES_AGGRESSIVE;
				CLANG_CXX_LANGUAGE_STANDARD = "gnu++14";
				CLANG_CXX_LIBRARY = "libc++";
				CLANG_ENABLE_MODULES = YES;
				CLANG_ENABLE_OBJC_ARC = YES;
				CLANG_ENABLE_OBJC_WEAK = YES;
				CLANG_WARN_BLOCK_CAPTURE_AUTORELEASING = YES;
				CLANG_WARN_BOOL_CONVERSION = YES;
				CLANG_WARN_COMMA = YES;
				CLANG_WARN_CONSTANT_CONVERSION = YES;
				CLANG_WARN_DEPRECATED_OBJC_IMPLEMENTATIONS = YES;
				CLANG_WARN_DIRECT_OBJC_ISA_USAGE = YES_ERROR;
				CLANG_WARN_DOCUMENTATION_COMMENTS = YES;
				CLANG_WARN_EMPTY_BODY = YES;
				CLANG_WARN_ENUM_CONVERSION = YES;
				CLANG_WARN_INFINITE_RECURSION = YES;
				CLANG_WARN_INT_CONVERSION = YES;
				CLANG_WARN_NON_LITERAL_NULL_CONVERSION = YES;
				CLANG_WARN_OBJC_IMPLICIT_RETAIN_SELF = YES;
				CLANG_WARN_OBJC_LITERAL_CONVERSION = YES;
				CLANG_WARN_OBJC_ROOT_CLASS = YES_ERROR;
				CLANG_WARN_RANGE_LOOP_ANALYSIS = YES;
				CLANG_WARN_STRICT_PROTOTYPES = YES;
				CLANG_WARN_SUSPICIOUS_MOVE = YES;
				CLANG_WARN_UNGUARDED_AVAILABILITY = YES_AGGRESSIVE;
				CLANG_WARN_UNREACHABLE_CODE = YES;
				CLANG_WARN__DUPLICATE_METHOD_MATCH = YES;
				COPY_PHASE_STRIP = NO;
				DEBUG_INFORMATION_FORMAT = dwarf;
				ENABLE_STRICT_OBJC_MSGSEND = YES;
				ENABLE_TESTABILITY = YES;
				GCC_C_LANGUAGE_STANDARD = gnu11;
				GCC_DYNAMIC_NO_PIC = NO;
				GCC_NO_COMMON_BLOCKS = YES;
				GCC_OPTIMIZATION_LEVEL = 0;
				GCC_PREPROCESSOR_DEFINITIONS = (
					"DEBUG=1",
					"$(inherited)",
				);
				GCC_WARN_64_TO_32_BIT_CONVERSION = YES;
				GCC_WARN_ABOUT_RETURN_TYPE = YES_ERROR;
				GCC_WARN_UNDECLARED_SELECTOR = YES;
				GCC_WARN_UNINITIALIZED_AUTOS = YES_AGGRESSIVE;
				GCC_WARN_UNUSED_FUNCTION = YES;
				GCC_WARN_UNUSED_VARIABLE = YES;
				IPHONEOS_DEPLOYMENT_TARGET = 13.7;
				MTL_ENABLE_DEBUG_INFO = INCLUDE_SOURCE;
				MTL_FAST_MATH = YES;
				ONLY_ACTIVE_ARCH = YES;
				SDKROOT = iphoneos;
				SWIFT_ACTIVE_COMPILATION_CONDITIONS = DEBUG;
				SWIFT_OPTIMIZATION_LEVEL = "-Onone";
			};
			name = Debug;
		};
		82BCFC1C256B1AC300490EA4 /* Release */ = {
			isa = XCBuildConfiguration;
			buildSettings = {
				ALWAYS_SEARCH_USER_PATHS = NO;
				CLANG_ANALYZER_LOCALIZABILITY_NONLOCALIZED = YES;
				CLANG_ANALYZER_NONNULL = YES;
				CLANG_ANALYZER_NUMBER_OBJECT_CONVERSION = YES_AGGRESSIVE;
				CLANG_CXX_LANGUAGE_STANDARD = "gnu++14";
				CLANG_CXX_LIBRARY = "libc++";
				CLANG_ENABLE_MODULES = YES;
				CLANG_ENABLE_OBJC_ARC = YES;
				CLANG_ENABLE_OBJC_WEAK = YES;
				CLANG_WARN_BLOCK_CAPTURE_AUTORELEASING = YES;
				CLANG_WARN_BOOL_CONVERSION = YES;
				CLANG_WARN_COMMA = YES;
				CLANG_WARN_CONSTANT_CONVERSION = YES;
				CLANG_WARN_DEPRECATED_OBJC_IMPLEMENTATIONS = YES;
				CLANG_WARN_DIRECT_OBJC_ISA_USAGE = YES_ERROR;
				CLANG_WARN_DOCUMENTATION_COMMENTS = YES;
				CLANG_WARN_EMPTY_BODY = YES;
				CLANG_WARN_ENUM_CONVERSION = YES;
				CLANG_WARN_INFINITE_RECURSION = YES;
				CLANG_WARN_INT_CONVERSION = YES;
				CLANG_WARN_NON_LITERAL_NULL_CONVERSION = YES;
				CLANG_WARN_OBJC_IMPLICIT_RETAIN_SELF = YES;
				CLANG_WARN_OBJC_LITERAL_CONVERSION = YES;
				CLANG_WARN_OBJC_ROOT_CLASS = YES_ERROR;
				CLANG_WARN_RANGE_LOOP_ANALYSIS = YES;
				CLANG_WARN_STRICT_PROTOTYPES = YES;
				CLANG_WARN_SUSPICIOUS_MOVE = YES;
				CLANG_WARN_UNGUARDED_AVAILABILITY = YES_AGGRESSIVE;
				CLANG_WARN_UNREACHABLE_CODE = YES;
				CLANG_WARN__DUPLICATE_METHOD_MATCH = YES;
				COPY_PHASE_STRIP = NO;
				DEBUG_INFORMATION_FORMAT = "dwarf-with-dsym";
				ENABLE_NS_ASSERTIONS = NO;
				ENABLE_STRICT_OBJC_MSGSEND = YES;
				GCC_C_LANGUAGE_STANDARD = gnu11;
				GCC_NO_COMMON_BLOCKS = YES;
				GCC_WARN_64_TO_32_BIT_CONVERSION = YES;
				GCC_WARN_ABOUT_RETURN_TYPE = YES_ERROR;
				GCC_WARN_UNDECLARED_SELECTOR = YES;
				GCC_WARN_UNINITIALIZED_AUTOS = YES_AGGRESSIVE;
				GCC_WARN_UNUSED_FUNCTION = YES;
				GCC_WARN_UNUSED_VARIABLE = YES;
				IPHONEOS_DEPLOYMENT_TARGET = 13.7;
				MTL_ENABLE_DEBUG_INFO = NO;
				MTL_FAST_MATH = YES;
				SDKROOT = iphoneos;
				SWIFT_COMPILATION_MODE = wholemodule;
				SWIFT_OPTIMIZATION_LEVEL = "-O";
				VALIDATE_PRODUCT = YES;
			};
			name = Release;
		};
		82BCFC1E256B1AC300490EA4 /* Debug */ = {
			isa = XCBuildConfiguration;
			buildSettings = {
				ASSETCATALOG_COMPILER_APPICON_NAME = AppIcon;
				CODE_SIGN_STYLE = Automatic;
				INFOPLIST_FILE = EuroToday/Info.plist;
				LD_RUNPATH_SEARCH_PATHS = (
					"$(inherited)",
					"@executable_path/Frameworks",
				);
				PRODUCT_BUNDLE_IDENTIFIER = com.gyap.EuroToday;
				PRODUCT_NAME = "$(TARGET_NAME)";
				SWIFT_VERSION = 5.0;
				TARGETED_DEVICE_FAMILY = "1,2";
			};
			name = Debug;
		};
		82BCFC1F256B1AC300490EA4 /* Release */ = {
			isa = XCBuildConfiguration;
			buildSettings = {
				ASSETCATALOG_COMPILER_APPICON_NAME = AppIcon;
				CODE_SIGN_STYLE = Automatic;
				INFOPLIST_FILE = EuroToday/Info.plist;
				LD_RUNPATH_SEARCH_PATHS = (
					"$(inherited)",
					"@executable_path/Frameworks",
				);
				PRODUCT_BUNDLE_IDENTIFIER = com.gyap.EuroToday;
				PRODUCT_NAME = "$(TARGET_NAME)";
				SWIFT_VERSION = 5.0;
				TARGETED_DEVICE_FAMILY = "1,2";
			};
			name = Release;
		};
/* End XCBuildConfiguration section */

/* Begin XCConfigurationList section */
		82BCFC01256B1AC200490EA4 /* Build configuration list for PBXProject "EuroToday" */ = {
			isa = XCConfigurationList;
			buildConfigurations = (
				82BCFC1B256B1AC300490EA4 /* Debug */,
				82BCFC1C256B1AC300490EA4 /* Release */,
			);
			defaultConfigurationIsVisible = 0;
			defaultConfigurationName = Release;
		};
		82BCFC1D256B1AC300490EA4 /* Build configuration list for PBXNativeTarget "EuroToday" */ = {
			isa = XCConfigurationList;
			buildConfigurations = (
				82BCFC1E256B1AC300490EA4 /* Debug */,
				82BCFC1F256B1AC300490EA4 /* Release */,
			);
			defaultConfigurationIsVisible = 0;
			defaultConfigurationName = Release;
		};
/* End XCConfigurationList section */

/* Begin XCVersionGroup section */
		82BCFC12256B1AC200490EA4 /* EuroToday.xcdatamodeld */ = {
			isa = XCVersionGroup;
			children = (
				82BCFC13256B1AC200490EA4 /* EuroToday.xcdatamodel */,
			);
			currentVersion = 82BCFC13256B1AC200490EA4 /* EuroToday.xcdatamodel */;
			path = EuroToday.xcdatamodeld;
			sourceTree = "<group>";
			versionGroupType = wrapper.xcdatamodel;
		};
/* End XCVersionGroup section */
	};
	rootObject = 82BCFBFE256B1AC200490EA4 /* Project object */;
}
